
Microsoft Visual Studio Solution File, Format Version 12.00
# Visual Studio 15
VisualStudioVersion = 15.0.28307.271
MinimumVisualStudioVersion = 10.0.40219.1
Project("{8BC9CEB8-8B4A-11D0-8D11-00A0C91BC942}") = "EWOCvj2", "EWOCvj2.vcxproj", "{B23C0C84-CBCA-4AA2-9719-95754D8094CC}"
EndProject
Project("{54435603-DBB4-11D2-8724-00A0C9A8B90C}") = "EWOCvj2_Installer", "..\EWOCvjnstaller\EWOCvjnstaller.vdproj", "{E9A04283-C0D2-4DB6-B10C-090B393D8411}"
EndProject
Global
	GlobalSection(SolutionConfigurationPlatforms) = preSolution
		Debug|x64 = Debug|x64
		Debug|x86 = Debug|x86
		Release|x64 = Release|x64
		Release|x86 = Release|x86
	EndGlobalSection
	GlobalSection(ProjectConfigurationPlatforms) = postSolution
		{B23C0C84-CBCA-4AA2-9719-95754D8094CC}.Debug|x64.ActiveCfg = Debug|x64
		{B23C0C84-CBCA-4AA2-9719-95754D8094CC}.Debug|x64.Build.0 = Debug|x64
		{B23C0C84-CBCA-4AA2-9719-95754D8094CC}.Debug|x86.ActiveCfg = Debug|Win32
		{B23C0C84-CBCA-4AA2-9719-95754D8094CC}.Debug|x86.Build.0 = Debug|Win32
		{B23C0C84-CBCA-4AA2-9719-95754D8094CC}.Release|x64.ActiveCfg = Release|x64
		{B23C0C84-CBCA-4AA2-9719-95754D8094CC}.Release|x64.Build.0 = Release|x64
		{B23C0C84-CBCA-4AA2-9719-95754D8094CC}.Release|x86.ActiveCfg = Release|Win32
		{B23C0C84-CBCA-4AA2-9719-95754D8094CC}.Release|x86.Build.0 = Release|Win32
		{E9A04283-C0D2-4DB6-B10C-090B393D8411}.Debug|x64.ActiveCfg = Debug
		{E9A04283-C0D2-4DB6-B10C-090B393D8411}.Debug|x86.ActiveCfg = Debug
		{E9A04283-C0D2-4DB6-B10C-090B393D8411}.Release|x64.ActiveCfg = Release
		{E9A04283-C0D2-4DB6-B10C-090B393D8411}.Release|x86.ActiveCfg = Release
	EndGlobalSection
	GlobalSection(SolutionProperties) = preSolution
		HideSolutionNode = FALSE
	EndGlobalSection
	GlobalSection(ExtensibilityGlobals) = postSolution
		SolutionGuid = {4C265D17-323C-4F50-82E4-742083CFC7E9}
	EndGlobalSection
EndGlobal
